
Microsoft Visual Studio Solution File, Format Version 12.00
Project("{FAE04EC0-301F-11D3-BF4B-00C04F79EFBC}") = "httpdump", "httpdump\httpdump.csproj", "{A412AC3E-7503-40AC-8335-0F146ECD83F4}"
EndProject
Global
	GlobalSection(SolutionConfigurationPlatforms) = preSolution
		Debug|Any CPU = Debug|Any CPU
		Release|Any CPU = Release|Any CPU
	EndGlobalSection
	GlobalSection(ProjectConfigurationPlatforms) = postSolution
		{A412AC3E-7503-40AC-8335-0F146ECD83F4}.Debug|Any CPU.ActiveCfg = Debug|Any CPU
		{A412AC3E-7503-40AC-8335-0F146ECD83F4}.Debug|Any CPU.Build.0 = Debug|Any CPU
		{A412AC3E-7503-40AC-8335-0F146ECD83F4}.Release|Any CPU.ActiveCfg = Release|Any CPU
		{A412AC3E-7503-40AC-8335-0F146ECD83F4}.Release|Any CPU.Build.0 = Release|Any CPU
	EndGlobalSection
EndGlobal
